
Microsoft Visual Studio Solution File, Format Version 12.00
# Visual Studio Version 17
VisualStudioVersion = 17.11.35303.130
MinimumVisualStudioVersion = 10.0.40219.1
Project("{9A19103F-16F7-4668-BE54-9A1E7A4F7556}") = "MagicVilla_VillaAPI", "MagicVilla_VillaAPI\MagicVilla_VillaAPI.csproj", "{C9F5C5BB-1F89-446F-BEE3-5CD4F97A3FA2}"
EndProject
Project("{FAE04EC0-301F-11D3-BF4B-00C04F79EFBC}") = "MagicVilla_Web", "MagicVilla_Web\MagicVilla_Web.csproj", "{4095ABB9-96C6-4961-8ADD-E30D3789D7F0}"
EndProject
Project("{FAE04EC0-301F-11D3-BF4B-00C04F79EFBC}") = "MagicVilla_Utility", "MagicVilla_Utility\MagicVilla_Utility.csproj", "{44ACBE81-2114-40F2-BB92-62325EE5B09A}"
EndProject
Global
	GlobalSection(SolutionConfigurationPlatforms) = preSolution
		Debug|Any CPU = Debug|Any CPU
		Release|Any CPU = Release|Any CPU
	EndGlobalSection
	GlobalSection(ProjectConfigurationPlatforms) = postSolution
		{C9F5C5BB-1F89-446F-BEE3-5CD4F97A3FA2}.Debug|Any CPU.ActiveCfg = Debug|Any CPU
		{C9F5C5BB-1F89-446F-BEE3-5CD4F97A3FA2}.Debug|Any CPU.Build.0 = Debug|Any CPU
		{C9F5C5BB-1F89-446F-BEE3-5CD4F97A3FA2}.Release|Any CPU.ActiveCfg = Release|Any CPU
		{C9F5C5BB-1F89-446F-BEE3-5CD4F97A3FA2}.Release|Any CPU.Build.0 = Release|Any CPU
		{4095ABB9-96C6-4961-8ADD-E30D3789D7F0}.Debug|Any CPU.ActiveCfg = Debug|Any CPU
		{4095ABB9-96C6-4961-8ADD-E30D3789D7F0}.Debug|Any CPU.Build.0 = Debug|Any CPU
		{4095ABB9-96C6-4961-8ADD-E30D3789D7F0}.Release|Any CPU.ActiveCfg = Release|Any CPU
		{4095ABB9-96C6-4961-8ADD-E30D3789D7F0}.Release|Any CPU.Build.0 = Release|Any CPU
		{44ACBE81-2114-40F2-BB92-62325EE5B09A}.Debug|Any CPU.ActiveCfg = Debug|Any CPU
		{44ACBE81-2114-40F2-BB92-62325EE5B09A}.Debug|Any CPU.Build.0 = Debug|Any CPU
		{44ACBE81-2114-40F2-BB92-62325EE5B09A}.Release|Any CPU.ActiveCfg = Release|Any CPU
		{44ACBE81-2114-40F2-BB92-62325EE5B09A}.Release|Any CPU.Build.0 = Release|Any CPU
	EndGlobalSection
	GlobalSection(SolutionProperties) = preSolution
		HideSolutionNode = FALSE
	EndGlobalSection
	GlobalSection(ExtensibilityGlobals) = postSolution
		SolutionGuid = {3C84B655-650D-4951-97A1-A0685CB8CB95}
	EndGlobalSection
EndGlobal
